{
    "_meta": {
        "hash": {
            "sha256": "1d26f966cb3779c0268e699262f76b9f57cf113fc0eb60215ff7e6ab997c841b"
        },
        "pipfile-spec": 6,
        "requires": {
            "python_version": "3.7"
        },
        "sources": [
            {
                "name": "pypi",
                "url": "https://pypi.org/simple",
                "verify_ssl": true
            }
        ]
    },
    "default": {
        "altgraph": {
            "hashes": [
                "sha256:d6814989f242b2b43025cba7161fc1b8fb487a62cd49c49245d6fd01c18ac997",
                "sha256:ddf5320017147ba7b810198e0b6619bd7b5563aa034da388cea8546b877f9b0c"
            ],
            "version": "==0.16.1"
        },
        "future": {
            "hashes": [
                "sha256:67045236dcfd6816dc439556d009594abf643e5eb48992e36beac09c2ca659b8"
            ],
            "version": "==0.17.1"
        },
        "lxml": {
            "hashes": [
                "sha256:0358b9e9642bc7d39aac5cffe9884a99a5ca68e5e2c1b89e570ed60da9139908",
                "sha256:091a359c4dafebbecd3959d9013f1b896b5371859165e4e50b01607a98d9e3e2",
                "sha256:1998e4e60603c64bcc35af61b4331ab3af087457900d3980e18d190e17c3a697",
                "sha256:2000b4088dee9a41f459fddaf6609bba48a435ce6374bb254c5ccdaa8928c5ba",
                "sha256:2afb0064780d8aaf165875be5898c1866766e56175714fa5f9d055433e92d41d",
                "sha256:2d8f1d9334a4e3ff176d096c14ded3100547d73440683567d85b8842a53180bb",
                "sha256:2e38db22f6a3199fd63675e1b4bd795d676d906869047398f29f38ca55cb453a",
                "sha256:3181f84649c1a1ca62b19ddf28436b1b2cb05ae6c7d2628f33872e713994c364",
                "sha256:37462170dfd88af8431d04de6b236e6e9c06cda71e2ca26d88ef2332fd2a5237",
                "sha256:3a9d8521c89bf6f2a929c3d12ad3ad7392c774c327ea809fd08a13be6b3bc05f",
                "sha256:3d0bbd2e1a28b4429f24fd63a122a450ce9edb7a8063d070790092d7343a1aa4",
                "sha256:483d60585ce3ee71929cea70949059f83850fa5e12deb9c094ed1c8c2ec73cbd",
                "sha256:4888be27d5cba55ce94209baef5bcd7bbd7314a3d17021a5fc10000b3a5f737d",
                "sha256:64b0d62e4209170a2a0c404c446ab83b941a0003e96604d2e4f4cb735f8a2254",
                "sha256:68010900898fdf139ac08549c4dba8206c584070a960ffc530aebf0c6f2794ef",
                "sha256:872ecb066de602a0099db98bd9e57f4cfc1d62f6093d94460c787737aa08f39e",
                "sha256:88a32b03f2e4cd0e63f154cac76724709f40b3fc2f30139eb5d6f900521b44ed",
                "sha256:b1dc7683da4e67ab2bebf266afa68098d681ae02ce570f0d1117312273d2b2ac",
                "sha256:b29e27ce9371810250cb1528a771d047a9c7b0f79630dc7dc5815ff828f4273b",
                "sha256:ce197559596370d985f1ce6b7051b52126849d8159040293bf8b98cb2b3e1f78",
                "sha256:d45cf6daaf22584eff2175f48f82c4aa24d8e72a44913c5aff801819bb73d11f",
                "sha256:e2ff9496322b2ce947ba4a7a5eb048158de9d6f3fe9efce29f1e8dd6878561e6",
                "sha256:f7b979518ec1f294a41a707c007d54d0f3b3e1fd15d5b26b7e99b62b10d9a72e",
                "sha256:f9c7268e9d16e34e50f8246c4f24cf7353764affd2bc971f0379514c246e3f6b",
                "sha256:f9c839806089d79de588ee1dde2dae05dc1156d3355dfeb2b51fde84d9c960ad",
                "sha256:ff962953e2389226adc4d355e34a98b0b800984399153c6678f2367b11b4d4b8"
            ],
            "version": "==4.3.2"
        },
        "macholib": {
            "hashes": [
                "sha256:ac02d29898cf66f27510d8f39e9112ae00590adb4a48ec57b25028d6962b1ae1",
                "sha256:c4180ffc6f909bf8db6cd81cff4b6f601d575568f4d5dee148c830e9851eb9db"
            ],
            "version": "==1.11"
        },
        "numpy": {
            "hashes": [
                "sha256:1980f8d84548d74921685f68096911585fee393975f53797614b34d4f409b6da",
                "sha256:22752cd809272671b273bb86df0f505f505a12368a3a5fc0aa811c7ece4dfd5c",
                "sha256:23cc40313036cffd5d1873ef3ce2e949bdee0646c5d6f375bf7ee4f368db2511",
                "sha256:2b0b118ff547fecabc247a2668f48f48b3b1f7d63676ebc5be7352a5fd9e85a5",
                "sha256:3a0bd1edf64f6a911427b608a894111f9fcdb25284f724016f34a84c9a3a6ea9",
                "sha256:3f25f6c7b0d000017e5ac55977a3999b0b1a74491eacb3c1aa716f0e01f6dcd1",
                "sha256:4061c79ac2230594a7419151028e808239450e676c39e58302ad296232e3c2e8",
                "sha256:560ceaa24f971ab37dede7ba030fc5d8fa173305d94365f814d9523ffd5d5916",
                "sha256:62be044cd58da2a947b7e7b2252a10b42920df9520fc3d39f5c4c70d5460b8ba",
                "sha256:6c692e3879dde0b67a9dc78f9bfb6f61c666b4562fd8619632d7043fb5b691b0",
                "sha256:6f65e37b5a331df950ef6ff03bd4136b3c0bbcf44d4b8e99135d68a537711b5a",
                "sha256:7a78cc4ddb253a55971115f8320a7ce28fd23a065fc33166d601f51760eecfa9",
                "sha256:80a41edf64a3626e729a62df7dd278474fc1726836552b67a8c6396fd7e86760",
                "sha256:893f4d75255f25a7b8516feb5766c6b63c54780323b9bd4bc51cdd7efc943c73",
                "sha256:972ea92f9c1b54cc1c1a3d8508e326c0114aaf0f34996772a30f3f52b73b942f",
                "sha256:9f1d4865436f794accdabadc57a8395bd3faa755449b4f65b88b7df65ae05f89",
                "sha256:9f4cd7832b35e736b739be03b55875706c8c3e5fe334a06210f1a61e5c2c8ca5",
                "sha256:adab43bf657488300d3aeeb8030d7f024fcc86e3a9b8848741ea2ea903e56610",
                "sha256:bd2834d496ba9b1bdda3a6cf3de4dc0d4a0e7be306335940402ec95132ad063d",
                "sha256:d20c0360940f30003a23c0adae2fe50a0a04f3e48dc05c298493b51fd6280197",
                "sha256:d3b3ed87061d2314ff3659bb73896e622252da52558f2380f12c421fbdee3d89",
                "sha256:dc235bf29a406dfda5790d01b998a1c01d7d37f449128c0b1b7d1c89a84fae8b",
                "sha256:fb3c83554f39f48f3fa3123b9c24aecf681b1c289f9334f8215c1d3c8e2f6e5b"
            ],
            "version": "==1.16.2"
        },
        "opencv-python": {
            "hashes": [
                "sha256:01ed8f83c1bc804995120825c729af9926bcc1dedbe85316ba4b5f81ed5e7287",
                "sha256:4d79b43434bef9ccb9921138d00c7f7d5dc8079cffe5d3765287e5b8275e0386",
                "sha256:51b32439bd85dcc3f520ef9de777f2c694b846d1d4344321e7bf090bffa62dc3",
                "sha256:55b8bd89a176cb0819b65d9df65900a6e4e95919579dedc34e10eaaf46c0f6a2",
                "sha256:5b6afc7f74e28c09f78886f0cffa67efc2b46542e439f0a045020a954c69e829",
                "sha256:6f8ec97c537b408d99d2cfbc9e929054e0bdecadda4c224ec2b21e18fcf48a06",
                "sha256:70012caadf2018575f15330bcf1d7659d0231580de5c146178154e420e9bef66",
                "sha256:7066dbceb01bd721515a583cc64485c594293a574d6b0925aca341c2accae520",
                "sha256:81cc092cade08093eeb48f2cdf8c1a1d5e0cc90d197403a721f6935f71d75e61",
                "sha256:8ecf3e50d7c5de510b71f5af33017a99b8bd476fbb70f464f6cc76a81bd2ff60",
                "sha256:97d2d77e0955404cf61d9a62e85bd8718108b11fc5a69d542bd7a7e2eb30990d",
                "sha256:98f12aff879895de6821289d538322d6b6d297ccfb71343056f3443f6d5c8c16",
                "sha256:9acea43d03440e7a0bd9a9ad599394382a529d49ec6995414797645acfc3e629",
                "sha256:a2e1bd69324e6d58b2c6932ca78c2ecb88dec8b2a3d31536e104623cafbc5b89",
                "sha256:a4feed61a55263a3af6bd17338a1712274c9dc775fe765ed706c706ab4a09ceb",
                "sha256:a72224ba58c7704ce8fc260ca65cfe7444d165362179f97d713234adc7f52b0e",
                "sha256:ae6f1aaa64d3b9a82792669e5be04d2544ce8c2e4a71ecfac09e0a4ed7b60908",
                "sha256:bfd358891a882cb08733e7edd1e76ea008520858de60cec185dce26530c0a36f",
                "sha256:c0d515ceb8231fa6565112d8c2490d2007656b7eb0c52d82b81708ac8412e426",
                "sha256:c86b42f12c602f815062f30c8583da702691a67920f5ea7607f1c796e6f153be",
                "sha256:d3c116b9502c657456fac22b3dad3be8701ef92f7ced2822a13121d167263057",
                "sha256:d477594c956dfbe6688323a9a06d5b3c6d3940c4b15bef7ce4f30d25f7837f1a",
                "sha256:d7626191eac985db4fda1db9cafb6428be614dd9ce3b6f5a83fdb93f1086980b",
                "sha256:db5632dfec289e69bddccbc39faf3cf1f5a840ed4ba3c1288ef3e21f68077722",
                "sha256:e50c73547a3e80d986db19b2cad3507bc7a5b4236f0071952aba80e0409c4806",
                "sha256:edbdded658021747a4235f178b91361d17b82031859db20731a963b8dafcab67",
                "sha256:f4afa2fd9d5c2ac25fc023babf6967f07e9143ce4fe73ebdcdc69a580f99b052"
            ],
            "version": "==4.0.0.21"
        },
        "pefile": {
            "hashes": [
                "sha256:4c5b7e2de0c8cb6c504592167acf83115cbbde01fe4a507c16a1422850e86cd6"
            ],
            "version": "==2018.8.8"
        },
        "pyinstaller": {
            "hashes": [
                "sha256:a5a6e04a66abfcf8761e89a2ebad937919c6be33a7b8963e1a961b55cb35986b"
            ],
            "version": "==3.4"
        },
        "pyqt5": {
            "hashes": [
                "sha256:1402f1613698ca64e3cec0ee27a60b5454e782c16fbd1bdee4a270a058947939",
                "sha256:8872c78f204bf8b660164d6dfae87e1be5a9dbc3e20fd2823bd4e851b3647eba",
                "sha256:912ead29f8ed86be178faeb2be83793fb633c11059ae54c3bd8e81c1e224e339",
                "sha256:acbefac6c780f04709441aa7d8a147c0801f01f8db93f8f000e4a4391db27345"
            ],
            "version": "==5.12"
        },
        "pyqt5-sip": {
            "hashes": [
                "sha256:04bd0bb8b6f8fa03c2dfbdfff0c8c9bfb3f46a21dd4cac73983dae93bf949523",
                "sha256:058d450c26be92193605f4628ff690d77080f599ffe381a1029cea8eeb71ab8e",
                "sha256:0b838ef8a55461785e78b4e347cf52ce228a5d4392c57e07cc46de51433dc8ac",
                "sha256:40504f96ecb834e54491ead558589bfd773056dba7f2df76599a06fdd8ed1ead",
                "sha256:49b2151bd0a0e439efc9d4c22c33a048d8e8ede5c7296851c221fa0988887edb",
                "sha256:6540b510f9436fe2d65801af55ecbf8c43bdda47294e994ed3851403a93e4a8b",
                "sha256:6b3063b12e700944172d57cdbeafb363229669af933f873d01c7a6d8a91c4c87",
                "sha256:6b65d2b14084eb583bf4cf68b97ade295fabae5f5bf2aae0ab00ab30533f1c60",
                "sha256:6ca796071b21761917ee486e57bfa2fc694580e65c462e4173cf849ed8fe201c",
                "sha256:6d3013a6820ea614f46fdc73cc16dd57c36a0c74bcbd38bd0b9f2d46b6e6dd16",
                "sha256:84f7401afdd5f31e961de75e9c6b1610849e8883fbe0ed675bbb7d7d97286347",
                "sha256:bb81cfc4d35ca59f1c419b6abeb6ca6a726a63b712cf979f2b5ab24b81c36f49"
            ],
            "version": "==4.19.14"
        },
        "pywin32-ctypes": {
            "hashes": [
                "sha256:24ffc3b341d457d48e8922352130cf2644024a4ff09762a2261fd34c36ee5942",
                "sha256:9dc2d991b3479cc2df15930958b674a48a227d5361d413827a4cfd0b5876fc98"
            ],
            "version": "==0.2.0"
        }
    },
    "develop": {}
}
